// !$*UTF8*$!
{
	archiveVersion = 1;
	classes = {
	};
	objectVersion = 48;
	objects = {

/* Begin PBXBuildFile section */
		804D823620033AD4000B3CEB /* Prototype.swift in Sources */ = {isa = PBXBuildFile; fileRef = 804D823520033AD4000B3CEB /* Prototype.swift */; };
		804D823720033AD4000B3CEB /* Prototype.swift in Sources */ = {isa = PBXBuildFile; fileRef = 804D823520033AD4000B3CEB /* Prototype.swift */; };
		804D823820033AD4000B3CEB /* Prototype.swift in Sources */ = {isa = PBXBuildFile; fileRef = 804D823520033AD4000B3CEB /* Prototype.swift */; };
		804D823920033AD4000B3CEB /* Prototype.swift in Sources */ = {isa = PBXBuildFile; fileRef = 804D823520033AD4000B3CEB /* Prototype.swift */; };
		806621161FFF73D400AFC672 /* Singleton.swift in Sources */ = {isa = PBXBuildFile; fileRef = 80AFB7DC1FFD39BB00CDC40D /* Singleton.swift */; };
		806621171FFF73D500AFC672 /* Singleton.swift in Sources */ = {isa = PBXBuildFile; fileRef = 80AFB7DC1FFD39BB00CDC40D /* Singleton.swift */; };
		806621181FFF73D600AFC672 /* Singleton.swift in Sources */ = {isa = PBXBuildFile; fileRef = 80AFB7DC1FFD39BB00CDC40D /* Singleton.swift */; };
		806621191FFF73D600AFC672 /* Singleton.swift in Sources */ = {isa = PBXBuildFile; fileRef = 80AFB7DC1FFD39BB00CDC40D /* Singleton.swift */; };
		806D486B1FF542B7001E523D /* Main.storyboard in Resources */ = {isa = PBXBuildFile; fileRef = 806D48691FF542B7001E523D /* Main.storyboard */; };
		806D486D1FF542B7001E523D /* Assets.xcassets in Resources */ = {isa = PBXBuildFile; fileRef = 806D486C1FF542B7001E523D /* Assets.xcassets */; };
		806D48701FF542B7001E523D /* LaunchScreen.storyboard in Resources */ = {isa = PBXBuildFile; fileRef = 806D486E1FF542B7001E523D /* LaunchScreen.storyboard */; };
		806D487F1FF543E3001E523D /* LaunchScreen.storyboard in Resources */ = {isa = PBXBuildFile; fileRef = 806D486E1FF542B7001E523D /* LaunchScreen.storyboard */; };
		806D48801FF543E3001E523D /* Assets.xcassets in Resources */ = {isa = PBXBuildFile; fileRef = 806D486C1FF542B7001E523D /* Assets.xcassets */; };
		806D48811FF543E3001E523D /* Main.storyboard in Resources */ = {isa = PBXBuildFile; fileRef = 806D48691FF542B7001E523D /* Main.storyboard */; };
		806D488B1FF543E6001E523D /* LaunchScreen.storyboard in Resources */ = {isa = PBXBuildFile; fileRef = 806D486E1FF542B7001E523D /* LaunchScreen.storyboard */; };
		806D488C1FF543E6001E523D /* Assets.xcassets in Resources */ = {isa = PBXBuildFile; fileRef = 806D486C1FF542B7001E523D /* Assets.xcassets */; };
		806D488D1FF543E6001E523D /* Main.storyboard in Resources */ = {isa = PBXBuildFile; fileRef = 806D48691FF542B7001E523D /* Main.storyboard */; };
		806D48971FF543E9001E523D /* LaunchScreen.storyboard in Resources */ = {isa = PBXBuildFile; fileRef = 806D486E1FF542B7001E523D /* LaunchScreen.storyboard */; };
		806D48981FF543E9001E523D /* Assets.xcassets in Resources */ = {isa = PBXBuildFile; fileRef = 806D486C1FF542B7001E523D /* Assets.xcassets */; };
		806D48991FF543E9001E523D /* Main.storyboard in Resources */ = {isa = PBXBuildFile; fileRef = 806D48691FF542B7001E523D /* Main.storyboard */; };
		806D48A11FF54A27001E523D /* AppDelegate.swift in Sources */ = {isa = PBXBuildFile; fileRef = 806D48781FF5433F001E523D /* AppDelegate.swift */; };
		806D48A21FF54A2B001E523D /* ViewController.swift in Sources */ = {isa = PBXBuildFile; fileRef = 806D487A1FF54371001E523D /* ViewController.swift */; };
		806D48A31FF54A80001E523D /* AppDelegate.swift in Sources */ = {isa = PBXBuildFile; fileRef = 806D48781FF5433F001E523D /* AppDelegate.swift */; };
		806D48A41FF54A8C001E523D /* ViewController.swift in Sources */ = {isa = PBXBuildFile; fileRef = 806D487A1FF54371001E523D /* ViewController.swift */; };
		806D48A51FF54A91001E523D /* AppDelegate.swift in Sources */ = {isa = PBXBuildFile; fileRef = 806D48781FF5433F001E523D /* AppDelegate.swift */; };
		806D48A61FF54A91001E523D /* ViewController.swift in Sources */ = {isa = PBXBuildFile; fileRef = 806D487A1FF54371001E523D /* ViewController.swift */; };
		806D48A71FF54AAA001E523D /* AppDelegate.swift in Sources */ = {isa = PBXBuildFile; fileRef = 806D48781FF5433F001E523D /* AppDelegate.swift */; };
		806D48A81FF54AAA001E523D /* ViewController.swift in Sources */ = {isa = PBXBuildFile; fileRef = 806D487A1FF54371001E523D /* ViewController.swift */; };
/* End PBXBuildFile section */

/* Begin PBXFileReference section */
		804D823520033AD4000B3CEB /* Prototype.swift */ = {isa = PBXFileReference; lastKnownFileType = sourcecode.swift; path = Prototype.swift; sourceTree = "<group>"; };
		806D48621FF542B7001E523D /* DesignPatterns.app */ = {isa = PBXFileReference; explicitFileType = wrapper.application; includeInIndex = 0; path = DesignPatterns.app; sourceTree = BUILT_PRODUCTS_DIR; };
		806D486A1FF542B7001E523D /* Base */ = {isa = PBXFileReference; lastKnownFileType = file.storyboard; name = Base; path = Base.lproj/Main.storyboard; sourceTree = "<group>"; };
		806D486C1FF542B7001E523D /* Assets.xcassets */ = {isa = PBXFileReference; lastKnownFileType = folder.assetcatalog; path = Assets.xcassets; sourceTree = "<group>"; };
		806D486F1FF542B7001E523D /* Base */ = {isa = PBXFileReference; lastKnownFileType = file.storyboard; name = Base; path = Base.lproj/LaunchScreen.storyboard; sourceTree = "<group>"; };
		806D48711FF542B7001E523D /* Info.plist */ = {isa = PBXFileReference; lastKnownFileType = text.plist.xml; path = Info.plist; sourceTree = "<group>"; };
		806D48781FF5433F001E523D /* AppDelegate.swift */ = {isa = PBXFileReference; lastKnownFileType = sourcecode.swift; path = AppDelegate.swift; sourceTree = "<group>"; };
		806D487A1FF54371001E523D /* ViewController.swift */ = {isa = PBXFileReference; lastKnownFileType = sourcecode.swift; path = ViewController.swift; sourceTree = "<group>"; };
		806D48851FF543E3001E523D /* DesignPatterns Localhost.app */ = {isa = PBXFileReference; explicitFileType = wrapper.application; includeInIndex = 0; path = "DesignPatterns Localhost.app"; sourceTree = BUILT_PRODUCTS_DIR; };
		806D48861FF543E4001E523D /* DesignPatterns Localhost-Info.plist */ = {isa = PBXFileReference; lastKnownFileType = text.plist.xml; name = "DesignPatterns Localhost-Info.plist"; path = "/Users/ajaybabu.s/Desktop/DesignPatterns/DesignPatterns Localhost-Info.plist"; sourceTree = "<absolute>"; };
		806D48911FF543E6001E523D /* DesignPatterns Dev.app */ = {isa = PBXFileReference; explicitFileType = wrapper.application; includeInIndex = 0; path = "DesignPatterns Dev.app"; sourceTree = BUILT_PRODUCTS_DIR; };
		806D48921FF543E6001E523D /* DesignPatterns Dev-Info.plist */ = {isa = PBXFileReference; lastKnownFileType = text.plist.xml; name = "DesignPatterns Dev-Info.plist"; path = "/Users/ajaybabu.s/Desktop/DesignPatterns/DesignPatterns Dev-Info.plist"; sourceTree = "<absolute>"; };
		806D489D1FF543E9001E523D /* DesignPatterns UAT.app */ = {isa = PBXFileReference; explicitFileType = wrapper.application; includeInIndex = 0; path = "DesignPatterns UAT.app"; sourceTree = BUILT_PRODUCTS_DIR; };
		806D489E1FF543E9001E523D /* DesignPatterns UAT-Info.plist */ = {isa = PBXFileReference; lastKnownFileType = text.plist.xml; name = "DesignPatterns UAT-Info.plist"; path = "/Users/ajaybabu.s/Desktop/DesignPatterns/DesignPatterns UAT-Info.plist"; sourceTree = "<absolute>"; };
		80AFB7DC1FFD39BB00CDC40D /* Singleton.swift */ = {isa = PBXFileReference; lastKnownFileType = sourcecode.swift; path = Singleton.swift; sourceTree = "<group>"; };
/* End PBXFileReference section */

/* Begin PBXFrameworksBuildPhase section */
		806D485F1FF542B7001E523D /* Frameworks */ = {
			isa = PBXFrameworksBuildPhase;
			buildActionMask = 2147483647;
			files = (
			);
			runOnlyForDeploymentPostprocessing = 0;
		};
		806D487D1FF543E3001E523D /* Frameworks */ = {
			isa = PBXFrameworksBuildPhase;
			buildActionMask = 2147483647;
			files = (
			);
			runOnlyForDeploymentPostprocessing = 0;
		};
		806D48891FF543E6001E523D /* Frameworks */ = {
			isa = PBXFrameworksBuildPhase;
			buildActionMask = 2147483647;
			files = (
			);
			runOnlyForDeploymentPostprocessing = 0;
		};
		806D48951FF543E9001E523D /* Frameworks */ = {
			isa = PBXFrameworksBuildPhase;
			buildActionMask = 2147483647;
			files = (
			);
			runOnlyForDeploymentPostprocessing = 0;
		};
/* End PBXFrameworksBuildPhase section */

/* Begin PBXGroup section */
		804D823420033AA8000B3CEB /* Prototype Pattern */ = {
			isa = PBXGroup;
			children = (
				804D823520033AD4000B3CEB /* Prototype.swift */,
			);
			path = "Prototype Pattern";
			sourceTree = "<group>";
		};
		806D48591FF542B7001E523D = {
			isa = PBXGroup;
			children = (
				806D48641FF542B7001E523D /* DesignPatterns */,
				806D48631FF542B7001E523D /* Products */,
				806D48861FF543E4001E523D /* DesignPatterns Localhost-Info.plist */,
				806D48921FF543E6001E523D /* DesignPatterns Dev-Info.plist */,
				806D489E1FF543E9001E523D /* DesignPatterns UAT-Info.plist */,
			);
			sourceTree = "<group>";
		};
		806D48631FF542B7001E523D /* Products */ = {
			isa = PBXGroup;
			children = (
				806D48621FF542B7001E523D /* DesignPatterns.app */,
				806D48851FF543E3001E523D /* DesignPatterns Localhost.app */,
				806D48911FF543E6001E523D /* DesignPatterns Dev.app */,
				806D489D1FF543E9001E523D /* DesignPatterns UAT.app */,
			);
			name = Products;
			sourceTree = "<group>";
		};
		806D48641FF542B7001E523D /* DesignPatterns */ = {
			isa = PBXGroup;
			children = (
				804D823420033AA8000B3CEB /* Prototype Pattern */,
				80AFB7DB1FFD39BB00CDC40D /* Singleton Pattern */,
				806D48771FF5431F001E523D /* AppDelegate */,
				806D48791FF54371001E523D /* ViewControllers */,
				806D48691FF542B7001E523D /* Main.storyboard */,
				806D486C1FF542B7001E523D /* Assets.xcassets */,
				806D486E1FF542B7001E523D /* LaunchScreen.storyboard */,
				806D48711FF542B7001E523D /* Info.plist */,
			);
			path = DesignPatterns;
			sourceTree = "<group>";
		};
		806D48771FF5431F001E523D /* AppDelegate */ = {
			isa = PBXGroup;
			children = (
				806D48781FF5433F001E523D /* AppDelegate.swift */,
			);
			path = AppDelegate;
			sourceTree = "<group>";
		};
		806D48791FF54371001E523D /* ViewControllers */ = {
			isa = PBXGroup;
			children = (
				806D487A1FF54371001E523D /* ViewController.swift */,
			);
			path = ViewControllers;
			sourceTree = "<group>";
		};
		80AFB7DB1FFD39BB00CDC40D /* Singleton Pattern */ = {
			isa = PBXGroup;
			children = (
				80AFB7DC1FFD39BB00CDC40D /* Singleton.swift */,
			);
			path = "Singleton Pattern";
			sourceTree = "<group>";
		};
/* End PBXGroup section */

/* Begin PBXNativeTarget section */
		806D48611FF542B7001E523D /* DesignPatterns */ = {
			isa = PBXNativeTarget;
			buildConfigurationList = 806D48741FF542B7001E523D /* Build configuration list for PBXNativeTarget "DesignPatterns" */;
			buildPhases = (
				806D485E1FF542B7001E523D /* Sources */,
				806D485F1FF542B7001E523D /* Frameworks */,
				806D48601FF542B7001E523D /* Resources */,
			);
			buildRules = (
			);
			dependencies = (
			);
			name = DesignPatterns;
			productName = DesignPatterns;
			productReference = 806D48621FF542B7001E523D /* DesignPatterns.app */;
			productType = "com.apple.product-type.application";
		};
		806D487B1FF543E3001E523D /* DesignPatterns Localhost */ = {
			isa = PBXNativeTarget;
			buildConfigurationList = 806D48821FF543E3001E523D /* Build configuration list for PBXNativeTarget "DesignPatterns Localhost" */;
			buildPhases = (
				806D487C1FF543E3001E523D /* Sources */,
				806D487D1FF543E3001E523D /* Frameworks */,
				806D487E1FF543E3001E523D /* Resources */,
			);
			buildRules = (
			);
			dependencies = (
			);
			name = "DesignPatterns Localhost";
			productName = DesignPatterns;
			productReference = 806D48851FF543E3001E523D /* DesignPatterns Localhost.app */;
			productType = "com.apple.product-type.application";
		};
		806D48871FF543E6001E523D /* DesignPatterns Dev */ = {
			isa = PBXNativeTarget;
			buildConfigurationList = 806D488E1FF543E6001E523D /* Build configuration list for PBXNativeTarget "DesignPatterns Dev" */;
			buildPhases = (
				806D48881FF543E6001E523D /* Sources */,
				806D48891FF543E6001E523D /* Frameworks */,
				806D488A1FF543E6001E523D /* Resources */,
			);
			buildRules = (
			);
			dependencies = (
			);
			name = "DesignPatterns Dev";
			productName = DesignPatterns;
			productReference = 806D48911FF543E6001E523D /* DesignPatterns Dev.app */;
			productType = "com.apple.product-type.application";
		};
		806D48931FF543E9001E523D /* DesignPatterns UAT */ = {
			isa = PBXNativeTarget;
			buildConfigurationList = 806D489A1FF543E9001E523D /* Build configuration list for PBXNativeTarget "DesignPatterns UAT" */;
			buildPhases = (
				806D48941FF543E9001E523D /* Sources */,
				806D48951FF543E9001E523D /* Frameworks */,
				806D48961FF543E9001E523D /* Resources */,
			);
			buildRules = (
			);
			dependencies = (
			);
			name = "DesignPatterns UAT";
			productName = DesignPatterns;
			productReference = 806D489D1FF543E9001E523D /* DesignPatterns UAT.app */;
			productType = "com.apple.product-type.application";
		};
/* End PBXNativeTarget section */

/* Begin PBXProject section */
		806D485A1FF542B7001E523D /* Project object */ = {
			isa = PBXProject;
			attributes = {
				LastSwiftUpdateCheck = 0900;
				LastUpgradeCheck = 0900;
				ORGANIZATIONNAME = "Apple Inc";
				TargetAttributes = {
					806D48611FF542B7001E523D = {
						CreatedOnToolsVersion = 9.0;
						ProvisioningStyle = Automatic;
					};
					806D487B1FF543E3001E523D = {
						ProvisioningStyle = Automatic;
					};
					806D48871FF543E6001E523D = {
						ProvisioningStyle = Automatic;
					};
					806D48931FF543E9001E523D = {
						ProvisioningStyle = Automatic;
					};
				};
			};
			buildConfigurationList = 806D485D1FF542B7001E523D /* Build configuration list for PBXProject "DesignPatterns" */;
			compatibilityVersion = "Xcode 8.0";
			developmentRegion = en;
			hasScannedForEncodings = 0;
			knownRegions = (
				en,
				Base,
			);
			mainGroup = 806D48591FF542B7001E523D;
			productRefGroup = 806D48631FF542B7001E523D /* Products */;
			projectDirPath = "";
			projectRoot = "";
			targets = (
				806D48611FF542B7001E523D /* DesignPatterns */,
				806D487B1FF543E3001E523D /* DesignPatterns Localhost */,
				806D48871FF543E6001E523D /* DesignPatterns Dev */,
				806D48931FF543E9001E523D /* DesignPatterns UAT */,
			);
		};
/* End PBXProject section */

/* Begin PBXResourcesBuildPhase section */
		806D48601FF542B7001E523D /* Resources */ = {
			isa = PBXResourcesBuildPhase;
			buildActionMask = 2147483647;
			files = (
				806D48701FF542B7001E523D /* LaunchScreen.storyboard in Resources */,
				806D486D1FF542B7001E523D /* Assets.xcassets in Resources */,
				806D486B1FF542B7001E523D /* Main.storyboard in Resources */,
			);
			runOnlyForDeploymentPostprocessing = 0;
		};
		806D487E1FF543E3001E523D /* Resources */ = {
			isa = PBXResourcesBuildPhase;
			buildActionMask = 2147483647;
			files = (
				806D487F1FF543E3001E523D /* LaunchScreen.storyboard in Resources */,
				806D48801FF543E3001E523D /* Assets.xcassets in Resources */,
				806D48811FF543E3001E523D /* Main.storyboard in Resources */,
			);
			runOnlyForDeploymentPostprocessing = 0;
		};
		806D488A1FF543E6001E523D /* Resources */ = {
			isa = PBXResourcesBuildPhase;
			buildActionMask = 2147483647;
			files = (
				806D488B1FF543E6001E523D /* LaunchScreen.storyboard in Resources */,
				806D488C1FF543E6001E523D /* Assets.xcassets in Resources */,
				806D488D1FF543E6001E523D /* Main.storyboard in Resources */,
			);
			runOnlyForDeploymentPostprocessing = 0;
		};
		806D48961FF543E9001E523D /* Resources */ = {
			isa = PBXResourcesBuildPhase;
			buildActionMask = 2147483647;
			files = (
				806D48971FF543E9001E523D /* LaunchScreen.storyboard in Resources */,
				806D48981FF543E9001E523D /* Assets.xcassets in Resources */,
				806D48991FF543E9001E523D /* Main.storyboard in Resources */,
			);
			runOnlyForDeploymentPostprocessing = 0;
		};
/* End PBXResourcesBuildPhase section */

/* Begin PBXSourcesBuildPhase section */
		806D485E1FF542B7001E523D /* Sources */ = {
			isa = PBXSourcesBuildPhase;
			buildActionMask = 2147483647;
			files = (
				804D823620033AD4000B3CEB /* Prototype.swift in Sources */,
				806D48A21FF54A2B001E523D /* ViewController.swift in Sources */,
				806621161FFF73D400AFC672 /* Singleton.swift in Sources */,
				806D48A11FF54A27001E523D /* AppDelegate.swift in Sources */,
			);
			runOnlyForDeploymentPostprocessing = 0;
		};
		806D487C1FF543E3001E523D /* Sources */ = {
			isa = PBXSourcesBuildPhase;
			buildActionMask = 2147483647;
			files = (
				804D823720033AD4000B3CEB /* Prototype.swift in Sources */,
				806D48A41FF54A8C001E523D /* ViewController.swift in Sources */,
				806621171FFF73D500AFC672 /* Singleton.swift in Sources */,
				806D48A31FF54A80001E523D /* AppDelegate.swift in Sources */,
			);
			runOnlyForDeploymentPostprocessing = 0;
		};
		806D48881FF543E6001E523D /* Sources */ = {
			isa = PBXSourcesBuildPhase;
			buildActionMask = 2147483647;
			files = (
				804D823820033AD4000B3CEB /* Prototype.swift in Sources */,
				806D48A51FF54A91001E523D /* AppDelegate.swift in Sources */,
				806621181FFF73D600AFC672 /* Singleton.swift in Sources */,
				806D48A61FF54A91001E523D /* ViewController.swift in Sources */,
			);
			runOnlyForDeploymentPostprocessing = 0;
		};
		806D48941FF543E9001E523D /* Sources */ = {
			isa = PBXSourcesBuildPhase;
			buildActionMask = 2147483647;
			files = (
				804D823920033AD4000B3CEB /* Prototype.swift in Sources */,
				806D48A71FF54AAA001E523D /* AppDelegate.swift in Sources */,
				806621191FFF73D600AFC672 /* Singleton.swift in Sources */,
				806D48A81FF54AAA001E523D /* ViewController.swift in Sources */,
			);
			runOnlyForDeploymentPostprocessing = 0;
		};
/* End PBXSourcesBuildPhase section */

/* Begin PBXVariantGroup section */
		806D48691FF542B7001E523D /* Main.storyboard */ = {
			isa = PBXVariantGroup;
			children = (
				806D486A1FF542B7001E523D /* Base */,
			);
			name = Main.storyboard;
			sourceTree = "<group>";
		};
		806D486E1FF542B7001E523D /* LaunchScreen.storyboard */ = {
			isa = PBXVariantGroup;
			children = (
				806D486F1FF542B7001E523D /* Base */,
			);
			name = LaunchScreen.storyboard;
			sourceTree = "<group>";
		};
/* End PBXVariantGroup section */

/* Begin XCBuildConfiguration section */
		806D48721FF542B7001E523D /* Debug */ = {
			isa = XCBuildConfiguration;
			buildSettings = {
				ALWAYS_SEARCH_USER_PATHS = NO;
				CLANG_ANALYZER_NONNULL = YES;
				CLANG_ANALYZER_NUMBER_OBJECT_CONVERSION = YES_AGGRESSIVE;
				CLANG_CXX_LANGUAGE_STANDARD = "gnu++14";
				CLANG_CXX_LIBRARY = "libc++";
				CLANG_ENABLE_MODULES = YES;
				CLANG_ENABLE_OBJC_ARC = YES;
				CLANG_WARN_BLOCK_CAPTURE_AUTORELEASING = YES;
				CLANG_WARN_BOOL_CONVERSION = YES;
				CLANG_WARN_COMMA = YES;
				CLANG_WARN_CONSTANT_CONVERSION = YES;
				CLANG_WARN_DIRECT_OBJC_ISA_USAGE = YES_ERROR;
				CLANG_WARN_DOCUMENTATION_COMMENTS = YES;
				CLANG_WARN_EMPTY_BODY = YES;
				CLANG_WARN_ENUM_CONVERSION = YES;
				CLANG_WARN_INFINITE_RECURSION = YES;
				CLANG_WARN_INT_CONVERSION = YES;
				CLANG_WARN_NON_LITERAL_NULL_CONVERSION = YES;
				CLANG_WARN_OBJC_LITERAL_CONVERSION = YES;
				CLANG_WARN_OBJC_ROOT_CLASS = YES_ERROR;
				CLANG_WARN_RANGE_LOOP_ANALYSIS = YES;
				CLANG_WARN_STRICT_PROTOTYPES = YES;
				CLANG_WARN_SUSPICIOUS_MOVE = YES;
				CLANG_WARN_UNGUARDED_AVAILABILITY = YES_AGGRESSIVE;
				CLANG_WARN_UNREACHABLE_CODE = YES;
				CLANG_WARN__DUPLICATE_METHOD_MATCH = YES;
				CODE_SIGN_IDENTITY = "iPhone Developer";
				COPY_PHASE_STRIP = NO;
				DEBUG_INFORMATION_FORMAT = dwarf;
				ENABLE_STRICT_OBJC_MSGSEND = YES;
				ENABLE_TESTABILITY = YES;
				GCC_C_LANGUAGE_STANDARD = gnu11;
				GCC_DYNAMIC_NO_PIC = NO;
				GCC_NO_COMMON_BLOCKS = YES;
				GCC_OPTIMIZATION_LEVEL = 0;
				GCC_PREPROCESSOR_DEFINITIONS = (
					"DEBUG=1",
					"$(inherited)",
				);
				GCC_WARN_64_TO_32_BIT_CONVERSION = YES;
				GCC_WARN_ABOUT_RETURN_TYPE = YES_ERROR;
				GCC_WARN_UNDECLARED_SELECTOR = YES;
				GCC_WARN_UNINITIALIZED_AUTOS = YES_AGGRESSIVE;
				GCC_WARN_UNUSED_FUNCTION = YES;
				GCC_WARN_UNUSED_VARIABLE = YES;
				IPHONEOS_DEPLOYMENT_TARGET = 11.0;
				MTL_ENABLE_DEBUG_INFO = YES;
				ONLY_ACTIVE_ARCH = YES;
				SDKROOT = iphoneos;
				SWIFT_ACTIVE_COMPILATION_CONDITIONS = DEBUG;
				SWIFT_OPTIMIZATION_LEVEL = "-Onone";
			};
			name = Debug;
		};
		806D48731FF542B7001E523D /* Release */ = {
			isa = XCBuildConfiguration;
			buildSettings = {
				ALWAYS_SEARCH_USER_PATHS = NO;
				CLANG_ANALYZER_NONNULL = YES;
				CLANG_ANALYZER_NUMBER_OBJECT_CONVERSION = YES_AGGRESSIVE;
				CLANG_CXX_LANGUAGE_STANDARD = "gnu++14";
				CLANG_CXX_LIBRARY = "libc++";
				CLANG_ENABLE_MODULES = YES;
				CLANG_ENABLE_OBJC_ARC = YES;
				CLANG_WARN_BLOCK_CAPTURE_AUTORELEASING = YES;
				CLANG_WARN_BOOL_CONVERSION = YES;
				CLANG_WARN_COMMA = YES;
				CLANG_WARN_CONSTANT_CONVERSION = YES;
				CLANG_WARN_DIRECT_OBJC_ISA_USAGE = YES_ERROR;
				CLANG_WARN_DOCUMENTATION_COMMENTS = YES;
				CLANG_WARN_EMPTY_BODY = YES;
				CLANG_WARN_ENUM_CONVERSION = YES;
				CLANG_WARN_INFINITE_RECURSION = YES;
				CLANG_WARN_INT_CONVERSION = YES;
				CLANG_WARN_NON_LITERAL_NULL_CONVERSION = YES;
				CLANG_WARN_OBJC_LITERAL_CONVERSION = YES;
				CLANG_WARN_OBJC_ROOT_CLASS = YES_ERROR;
				CLANG_WARN_RANGE_LOOP_ANALYSIS = YES;
				CLANG_WARN_STRICT_PROTOTYPES = YES;
				CLANG_WARN_SUSPICIOUS_MOVE = YES;
				CLANG_WARN_UNGUARDED_AVAILABILITY = YES_AGGRESSIVE;
				CLANG_WARN_UNREACHABLE_CODE = YES;
				CLANG_WARN__DUPLICATE_METHOD_MATCH = YES;
				CODE_SIGN_IDENTITY = "iPhone Developer";
				COPY_PHASE_STRIP = NO;
				DEBUG_INFORMATION_FORMAT = "dwarf-with-dsym";
				ENABLE_NS_ASSERTIONS = NO;
				ENABLE_STRICT_OBJC_MSGSEND = YES;
				GCC_C_LANGUAGE_STANDARD = gnu11;
				GCC_NO_COMMON_BLOCKS = YES;
				GCC_WARN_64_TO_32_BIT_CONVERSION = YES;
				GCC_WARN_ABOUT_RETURN_TYPE = YES_ERROR;
				GCC_WARN_UNDECLARED_SELECTOR = YES;
				GCC_WARN_UNINITIALIZED_AUTOS = YES_AGGRESSIVE;
				GCC_WARN_UNUSED_FUNCTION = YES;
				GCC_WARN_UNUSED_VARIABLE = YES;
				IPHONEOS_DEPLOYMENT_TARGET = 11.0;
				MTL_ENABLE_DEBUG_INFO = NO;
				SDKROOT = iphoneos;
				SWIFT_OPTIMIZATION_LEVEL = "-Owholemodule";
				VALIDATE_PRODUCT = YES;
			};
			name = Release;
		};
		806D48751FF542B7001E523D /* Debug */ = {
			isa = XCBuildConfiguration;
			buildSettings = {
				ASSETCATALOG_COMPILER_APPICON_NAME = AppIcon;
				CODE_SIGN_STYLE = Automatic;
				DEVELOPMENT_TEAM = P4S4VJ6DH6;
				INFOPLIST_FILE = DesignPatterns/Info.plist;
				LD_RUNPATH_SEARCH_PATHS = "$(inherited) @executable_path/Frameworks";
				OTHER_OSACOMPILEFLAGS = "";
				OTHER_SWIFT_FLAGS = "-DPROD";
				PRODUCT_BUNDLE_IDENTIFIER = com.apple.ist.DesignPatterns;
				PRODUCT_NAME = "$(TARGET_NAME)";
				SWIFT_ACTIVE_COMPILATION_CONDITIONS = DEBUG;
				SWIFT_VERSION = 4.0;
				TARGETED_DEVICE_FAMILY = "1,2";
			};
			name = Debug;
		};
		806D48761FF542B7001E523D /* Release */ = {
			isa = XCBuildConfiguration;
			buildSettings = {
				ASSETCATALOG_COMPILER_APPICON_NAME = AppIcon;
				CODE_SIGN_STYLE = Automatic;
				DEVELOPMENT_TEAM = P4S4VJ6DH6;
				INFOPLIST_FILE = DesignPatterns/Info.plist;
				LD_RUNPATH_SEARCH_PATHS = "$(inherited) @executable_path/Frameworks";
				OTHER_OSACOMPILEFLAGS = "";
				OTHER_SWIFT_FLAGS = "-DPROD";
				PRODUCT_BUNDLE_IDENTIFIER = com.apple.ist.DesignPatterns;
				PRODUCT_NAME = "$(TARGET_NAME)";
				SWIFT_ACTIVE_COMPILATION_CONDITIONS = "";
				SWIFT_VERSION = 4.0;
				TARGETED_DEVICE_FAMILY = "1,2";
			};
			name = Release;
		};
		806D48831FF543E3001E523D /* Debug */ = {
			isa = XCBuildConfiguration;
			buildSettings = {
				ASSETCATALOG_COMPILER_APPICON_NAME = AppIcon;
				CODE_SIGN_STYLE = Automatic;
				DEVELOPMENT_TEAM = P4S4VJ6DH6;
				INFOPLIST_FILE = "DesignPatterns Localhost-Info.plist";
				LD_RUNPATH_SEARCH_PATHS = "$(inherited) @executable_path/Frameworks";
				OTHER_SWIFT_FLAGS = "-DLocalhost";
				PRODUCT_BUNDLE_IDENTIFIER = "com.apple.ist.DesignPatterns-Localhost";
				PRODUCT_NAME = "$(TARGET_NAME)";
				SWIFT_VERSION = 4.0;
				TARGETED_DEVICE_FAMILY = "1,2";
			};
			name = Debug;
		};
		806D48841FF543E3001E523D /* Release */ = {
			isa = XCBuildConfiguration;
			buildSettings = {
				ASSETCATALOG_COMPILER_APPICON_NAME = AppIcon;
				CODE_SIGN_STYLE = Automatic;
				DEVELOPMENT_TEAM = P4S4VJ6DH6;
				INFOPLIST_FILE = "DesignPatterns Localhost-Info.plist";
				LD_RUNPATH_SEARCH_PATHS = "$(inherited) @executable_path/Frameworks";
				OTHER_SWIFT_FLAGS = "-DLocalhost";
				PRODUCT_BUNDLE_IDENTIFIER = "com.apple.ist.DesignPatterns-Localhost";
				PRODUCT_NAME = "$(TARGET_NAME)";
				SWIFT_ACTIVE_COMPILATION_CONDITIONS = "";
				SWIFT_VERSION = 4.0;
				TARGETED_DEVICE_FAMILY = "1,2";
			};
			name = Release;
		};
		806D488F1FF543E6001E523D /* Debug */ = {
			isa = XCBuildConfiguration;
			buildSettings = {
				ASSETCATALOG_COMPILER_APPICON_NAME = AppIcon;
				CODE_SIGN_STYLE = Automatic;
				DEVELOPMENT_TEAM = P4S4VJ6DH6;
				INFOPLIST_FILE = "DesignPatterns Dev-Info.plist";
				LD_RUNPATH_SEARCH_PATHS = "$(inherited) @executable_path/Frameworks";
				OTHER_SWIFT_FLAGS = "-DDev";
				PRODUCT_BUNDLE_IDENTIFIER = "com.apple.ist.DesignPatterns-Dev";
				PRODUCT_NAME = "$(TARGET_NAME)";
				SWIFT_VERSION = 4.0;
				TARGETED_DEVICE_FAMILY = "1,2";
			};
			name = Debug;
		};
		806D48901FF543E6001E523D /* Release */ = {
			isa = XCBuildConfiguration;
			buildSettings = {
				ASSETCATALOG_COMPILER_APPICON_NAME = AppIcon;
				CODE_SIGN_STYLE = Automatic;
				DEVELOPMENT_TEAM = P4S4VJ6DH6;
				INFOPLIST_FILE = "DesignPatterns Dev-Info.plist";
				LD_RUNPATH_SEARCH_PATHS = "$(inherited) @executable_path/Frameworks";
				OTHER_SWIFT_FLAGS = "-DDev";
				PRODUCT_BUNDLE_IDENTIFIER = "com.apple.ist.DesignPatterns-Dev";
				PRODUCT_NAME = "$(TARGET_NAME)";
				SWIFT_VERSION = 4.0;
				TARGETED_DEVICE_FAMILY = "1,2";
			};
			name = Release;
		};
		806D489B1FF543E9001E523D /* Debug */ = {
			isa = XCBuildConfiguration;
			buildSettings = {
				ASSETCATALOG_COMPILER_APPICON_NAME = AppIcon;
				CODE_SIGN_STYLE = Automatic;
				DEVELOPMENT_TEAM = P4S4VJ6DH6;
				INFOPLIST_FILE = "DesignPatterns UAT-Info.plist";
				LD_RUNPATH_SEARCH_PATHS = "$(inherited) @executable_path/Frameworks";
				OTHER_SWIFT_FLAGS = "-DUAT";
				PRODUCT_BUNDLE_IDENTIFIER = "com.apple.ist.DesignPatterns-UAT";
				PRODUCT_NAME = "$(TARGET_NAME)";
				SWIFT_VERSION = 4.0;
				TARGETED_DEVICE_FAMILY = "1,2";
			};
			name = Debug;
		};
		806D489C1FF543E9001E523D /* Release */ = {
			isa = XCBuildConfiguration;
			buildSettings = {
				ASSETCATALOG_COMPILER_APPICON_NAME = AppIcon;
				CODE_SIGN_STYLE = Automatic;
				DEVELOPMENT_TEAM = P4S4VJ6DH6;
				INFOPLIST_FILE = "DesignPatterns UAT-Info.plist";
				LD_RUNPATH_SEARCH_PATHS = "$(inherited) @executable_path/Frameworks";
				OTHER_SWIFT_FLAGS = "-DUAT";
				PRODUCT_BUNDLE_IDENTIFIER = "com.apple.ist.DesignPatterns-UAT";
				PRODUCT_NAME = "$(TARGET_NAME)";
				SWIFT_VERSION = 4.0;
				TARGETED_DEVICE_FAMILY = "1,2";
			};
			name = Release;
		};
/* End XCBuildConfiguration section */

/* Begin XCConfigurationList section */
		806D485D1FF542B7001E523D /* Build configuration list for PBXProject "DesignPatterns" */ = {
			isa = XCConfigurationList;
			buildConfigurations = (
				806D48721FF542B7001E523D /* Debug */,
				806D48731FF542B7001E523D /* Release */,
			);
			defaultConfigurationIsVisible = 0;
			defaultConfigurationName = Release;
		};
		806D48741FF542B7001E523D /* Build configuration list for PBXNativeTarget "DesignPatterns" */ = {
			isa = XCConfigurationList;
			buildConfigurations = (
				806D48751FF542B7001E523D /* Debug */,
				806D48761FF542B7001E523D /* Release */,
			);
			defaultConfigurationIsVisible = 0;
			defaultConfigurationName = Release;
		};
		806D48821FF543E3001E523D /* Build configuration list for PBXNativeTarget "DesignPatterns Localhost" */ = {
			isa = XCConfigurationList;
			buildConfigurations = (
				806D48831FF543E3001E523D /* Debug */,
				806D48841FF543E3001E523D /* Release */,
			);
			defaultConfigurationIsVisible = 0;
			defaultConfigurationName = Release;
		};
		806D488E1FF543E6001E523D /* Build configuration list for PBXNativeTarget "DesignPatterns Dev" */ = {
			isa = XCConfigurationList;
			buildConfigurations = (
				806D488F1FF543E6001E523D /* Debug */,
				806D48901FF543E6001E523D /* Release */,
			);
			defaultConfigurationIsVisible = 0;
			defaultConfigurationName = Release;
		};
		806D489A1FF543E9001E523D /* Build configuration list for PBXNativeTarget "DesignPatterns UAT" */ = {
			isa = XCConfigurationList;
			buildConfigurations = (
				806D489B1FF543E9001E523D /* Debug */,
				806D489C1FF543E9001E523D /* Release */,
			);
			defaultConfigurationIsVisible = 0;
			defaultConfigurationName = Release;
		};
/* End XCConfigurationList section */
	};
	rootObject = 806D485A1FF542B7001E523D /* Project object */;
}
